# THIS IS AN AUTOGENERATED FILE. DO NOT EDIT THIS FILE DIRECTLY.
# yarn lockfile v1


"@open-flash/stream@^0.1.1":
  version "0.1.1"
  resolved "https://registry.yarnpkg.com/@open-flash/stream/-/stream-0.1.1.tgz#6e80f21e16c0a43bfb793ec18a5db341f193a79b"
  integrity sha512-GD/hPHHA/W8I0x/hROnfbtCkHZYUEkNVqiS1P/esNsCAj1PQoIb/4FRkZeLDQkMD3pivbZZLYzsr+nlRIK9gbQ==
  dependencies:
    incident "^3.1.1"
    kryo "^0.7.0"
    semantic-types "^0.1.1"
    ts-tagged "^1.0.0"

"@types/bson@^1.0.11", "@types/bson@^1.0.6":
  version "1.0.11"
  resolved "https://registry.yarnpkg.com/@types/bson/-/bson-1.0.11.tgz#c95ad69bb0b3f5c33b4bb6cc86d86cafb273335c"
  integrity sha512-j+UcCWI+FsbI5/FQP/Kj2CXyplWAz39ktHFkXk84h7dNblKRSoNJs95PZFRd96NQGqsPEPgeclqnznWZr14ZDA==
  dependencies:
    "@types/node" "*"

"@types/node@*":
  version "11.13.7"
  resolved "https://registry.yarnpkg.com/@types/node/-/node-11.13.7.tgz#85dbb71c510442d00c0631f99dae957ce44fd104"
  integrity sha512-suFHr6hcA9mp8vFrZTgrmqW2ZU3mbWsryQtQlY/QvwTISCw7nw/j+bCQPPohqmskhmqa5wLNuMHTTsc+xf1MQg==

"@types/object-inspect@^1.4.0":
  version "1.4.0"
  resolved "https://registry.yarnpkg.com/@types/object-inspect/-/object-inspect-1.4.0.tgz#649d85af82d9d47f165add37586fd1665bdd5c1a"
  integrity sha512-DfakDc17w1le6CVOt23jAGVbc936J3tOBZgqjJGzvPKYd7E93g/2pyVanhU0Yx7qGRAYgeh6YfVdyBMsd39Vag==

"@types/unorm@^1.3.27":
  version "1.3.27"
  resolved "https://registry.yarnpkg.com/@types/unorm/-/unorm-1.3.27.tgz#60bdb3bb2e5c9ebe6d082df3a13ca992302cca7a"
  integrity sha1-YL2zuy5cnr5tCC3zoTypkjAsyno=

bson@^1.0.4, bson@^1.1.0:
  version "1.1.1"
  resolved "https://registry.yarnpkg.com/bson/-/bson-1.1.1.tgz#4330f5e99104c4e751e7351859e2d408279f2f13"
  integrity sha512-jCGVYLoYMHDkOsbwJZBCqwMHyH4c+wzgI9hG7Z6SZJRXWr+x58pdIbm2i9a/jFGCkRJqRUr8eoI7lDWa0hTkxg==

incident@^3.1.1, incident@^3.2.0:
  version "3.2.0"
  resolved "https://registry.yarnpkg.com/incident/-/incident-3.2.0.tgz#448f14ab46d52512240efc7466a5b0a0f3bd89ab"
  integrity sha512-Hok2kKEfZorHNeLePZxe03JCI0KxaN4XwrbwHWMSgZgyuNP/Pu/vqX1bwtm7FgwdqgXvEwAmDS5VCAkXnH3DXg==
  dependencies:
    "@types/object-inspect" "^1.4.0"
    object-inspect "^1.6.0"

kryo@^0.7.0:
  version "0.7.0"
  resolved "https://registry.yarnpkg.com/kryo/-/kryo-0.7.0.tgz#0c9e18670950c493d5c6dfedca67fd259530c6ce"
  integrity sha512-rqtad0ATWouu8964k/mprpRiwD2unyT9dvoknOFJooT2/z3WH6lxlJdLD+eWxVmZHw+jv8ICLKjo5XM7uw+Q5Q==
  dependencies:
    "@types/bson" "^1.0.6"
    "@types/object-inspect" "^1.4.0"
    "@types/unorm" "^1.3.27"
    incident "^3.1.1"
    object-inspect "^1.5.0"
  optionalDependencies:
    bson "^1.0.4"
    unorm "^1.4.1"

kryo@^0.8.1:
  version "0.8.1"
  resolved "https://registry.yarnpkg.com/kryo/-/kryo-0.8.1.tgz#2d267b80be9e82739dfbc0a2586ccc93cafd56bf"
  integrity sha512-7EAfYnIEGZXH+V4pP9ekalnqyx7xAUMgbJkK2SwLytAkPdv+p7W9rUVam0yZDQw439bhLMKKB26XfCOxZGpH/w==
  dependencies:
    "@types/bson" "^1.0.11"
    "@types/object-inspect" "^1.4.0"
    incident "^3.1.1"
    object-inspect "^1.6.0"
  optionalDependencies:
    bson "^1.1.0"

object-inspect@^1.5.0, object-inspect@^1.6.0:
  version "1.6.0"
  resolved "https://registry.yarnpkg.com/object-inspect/-/object-inspect-1.6.0.tgz#c70b6cbf72f274aab4c34c0c82f5167bf82cf15b"
  integrity sha512-GJzfBZ6DgDAmnuaM3104jR4s1Myxr3Y3zfIyN4z3UdqN69oSRacNK8UhnobDdC+7J2AHCjGwxQubNJfE70SXXQ==

semantic-types@^0.1.1:
  version "0.1.1"
  resolved "https://registry.yarnpkg.com/semantic-types/-/semantic-types-0.1.1.tgz#f9eb6774940352332c61128c8deafb9167327174"
  integrity sha512-5y1FjeeeJlifC63IzxPaVQGYEHScdXTuVEl5jEsNWOqM6jT/XEVHh7w58JgR7ze9VhUSuMUHQQaK3hmNy0iePQ==

swf-emitter@^0.3.0:
  version "0.3.0"
  resolved "https://registry.yarnpkg.com/swf-emitter/-/swf-emitter-0.3.0.tgz#287e1b6b3a20ecea438f63dde87fd23acfb1064f"
  integrity sha512-DcQmVmiWrXlaqfFY+e+p8OtPG3xIJAZC6oqpgMcowB/qHtCBRyCwT5SoPYpzG95QrwVgNM6BOjl+KS36Oa3lIw==
  dependencies:
    "@open-flash/stream" "^0.1.1"
    incident "^3.2.0"
    semantic-types "^0.1.1"
    swf-tree "^0.6.0"

swf-tree@^0.6.0:
  version "0.6.0"
  resolved "https://registry.yarnpkg.com/swf-tree/-/swf-tree-0.6.0.tgz#57362bdc070d4be1dd71ee6b43753fe33b1c275f"
  integrity sha512-5ZAGao4LhVHQ74NieRZAYsMeabSpDkRQNLLQDCalmVMvzlCIAYQWzijm2DX9VZp8V4cjW97gEZxfPGpQ1N1ToQ==
  dependencies:
    incident "^3.2.0"
    kryo "^0.8.1"
    semantic-types "^0.1.1"
    ts-tagged "^1.0.0"

ts-tagged@^1.0.0:
  version "1.0.0"
  resolved "https://registry.yarnpkg.com/ts-tagged/-/ts-tagged-1.0.0.tgz#99397f99e50d3cfa28e146cc0b13f8c11572166a"
  integrity sha512-OY0Fmk33Zsp9meZjlr+PpS+HgZn2YZEr/jrU7CRpU7vRB1OtuheMMfNBXwKzZG3HkyVeeV5RSe5Y1BVeSM5VkQ==

unorm@^1.4.1:
  version "1.5.0"
  resolved "https://registry.yarnpkg.com/unorm/-/unorm-1.5.0.tgz#01fa9b76f1c60f7916834605c032aa8962c3f00a"
  integrity sha512-sMfSWoiRaXXeDZSXC+YRZ23H4xchQpwxjpw1tmfR+kgbBCaOgln4NI0LXejJIhnBuKINrB3WRn+ZI8IWssirVw==
